// !$*UTF8*$!
{
	archiveVersion = 1;
	classes = {
	};
	objectVersion = 55;
	objects = {

/* Begin PBXBuildFile section */
		7A1459AA279DFB2200A53E7E /* RootFeature in Frameworks */ = {isa = PBXBuildFile; productRef = 7A1459A9279DFB2200A53E7E /* RootFeature */; };
		7A1459B2279EF48E00A53E7E /* CoordinatorFeaturePreviewApp.swift in Sources */ = {isa = PBXBuildFile; fileRef = 7A1459B1279EF48E00A53E7E /* CoordinatorFeaturePreviewApp.swift */; };
		7A1459B6279EF48F00A53E7E /* Assets.xcassets in Resources */ = {isa = PBXBuildFile; fileRef = 7A1459B5279EF48F00A53E7E /* Assets.xcassets */; };
		7A1459B9279EF48F00A53E7E /* Preview Assets.xcassets in Resources */ = {isa = PBXBuildFile; fileRef = 7A1459B8279EF48F00A53E7E /* Preview Assets.xcassets */; };
		7A1459BE279EF4B500A53E7E /* CoordinatorFeature in Frameworks */ = {isa = PBXBuildFile; productRef = 7A1459BD279EF4B500A53E7E /* CoordinatorFeature */; };
		7A41D0A1279C93740038D9BF /* NavPlaygroundApp.swift in Sources */ = {isa = PBXBuildFile; fileRef = 7A41D0A0279C93740038D9BF /* NavPlaygroundApp.swift */; };
		7A41D0A3279C93740038D9BF /* ContentView.swift in Sources */ = {isa = PBXBuildFile; fileRef = 7A41D0A2279C93740038D9BF /* ContentView.swift */; };
		7A41D0A5279C93750038D9BF /* Assets.xcassets in Resources */ = {isa = PBXBuildFile; fileRef = 7A41D0A4279C93750038D9BF /* Assets.xcassets */; };
		7A41D0A8279C93750038D9BF /* Preview Assets.xcassets in Resources */ = {isa = PBXBuildFile; fileRef = 7A41D0A7279C93750038D9BF /* Preview Assets.xcassets */; };
/* End PBXBuildFile section */

/* Begin PBXFileReference section */
		7A1459AF279EF48E00A53E7E /* CoordinatorFeaturePreview.app */ = {isa = PBXFileReference; explicitFileType = wrapper.application; includeInIndex = 0; path = CoordinatorFeaturePreview.app; sourceTree = BUILT_PRODUCTS_DIR; };
		7A1459B1279EF48E00A53E7E /* CoordinatorFeaturePreviewApp.swift */ = {isa = PBXFileReference; lastKnownFileType = sourcecode.swift; path = CoordinatorFeaturePreviewApp.swift; sourceTree = "<group>"; };
		7A1459B5279EF48F00A53E7E /* Assets.xcassets */ = {isa = PBXFileReference; lastKnownFileType = folder.assetcatalog; path = Assets.xcassets; sourceTree = "<group>"; };
		7A1459B8279EF48F00A53E7E /* Preview Assets.xcassets */ = {isa = PBXFileReference; lastKnownFileType = folder.assetcatalog; path = "Preview Assets.xcassets"; sourceTree = "<group>"; };
		7A41D09D279C93740038D9BF /* NavPlayground.app */ = {isa = PBXFileReference; explicitFileType = wrapper.application; includeInIndex = 0; path = NavPlayground.app; sourceTree = BUILT_PRODUCTS_DIR; };
		7A41D0A0279C93740038D9BF /* NavPlaygroundApp.swift */ = {isa = PBXFileReference; lastKnownFileType = sourcecode.swift; path = NavPlaygroundApp.swift; sourceTree = "<group>"; };
		7A41D0A2279C93740038D9BF /* ContentView.swift */ = {isa = PBXFileReference; lastKnownFileType = sourcecode.swift; path = ContentView.swift; sourceTree = "<group>"; };
		7A41D0A4279C93750038D9BF /* Assets.xcassets */ = {isa = PBXFileReference; lastKnownFileType = folder.assetcatalog; path = Assets.xcassets; sourceTree = "<group>"; };
		7A41D0A7279C93750038D9BF /* Preview Assets.xcassets */ = {isa = PBXFileReference; lastKnownFileType = folder.assetcatalog; path = "Preview Assets.xcassets"; sourceTree = "<group>"; };
		7A41D0B4279C94980038D9BF /* Packages */ = {isa = PBXFileReference; lastKnownFileType = wrapper; path = Packages; sourceTree = "<group>"; };
/* End PBXFileReference section */

/* Begin PBXFrameworksBuildPhase section */
		7A1459AC279EF48E00A53E7E /* Frameworks */ = {
			isa = PBXFrameworksBuildPhase;
			buildActionMask = 2147483647;
			files = (
				7A1459BE279EF4B500A53E7E /* CoordinatorFeature in Frameworks */,
			);
			runOnlyForDeploymentPostprocessing = 0;
		};
		7A41D09A279C93740038D9BF /* Frameworks */ = {
			isa = PBXFrameworksBuildPhase;
			buildActionMask = 2147483647;
			files = (
				7A1459AA279DFB2200A53E7E /* RootFeature in Frameworks */,
			);
			runOnlyForDeploymentPostprocessing = 0;
		};
/* End PBXFrameworksBuildPhase section */

/* Begin PBXGroup section */
		7A1459B0279EF48E00A53E7E /* CoordinatorFeaturePreview */ = {
			isa = PBXGroup;
			children = (
				7A1459B1279EF48E00A53E7E /* CoordinatorFeaturePreviewApp.swift */,
				7A1459B5279EF48F00A53E7E /* Assets.xcassets */,
				7A1459B7279EF48F00A53E7E /* Preview Content */,
			);
			path = CoordinatorFeaturePreview;
			sourceTree = "<group>";
		};
		7A1459B7279EF48F00A53E7E /* Preview Content */ = {
			isa = PBXGroup;
			children = (
				7A1459B8279EF48F00A53E7E /* Preview Assets.xcassets */,
			);
			path = "Preview Content";
			sourceTree = "<group>";
		};
		7A41D094279C93740038D9BF = {
			isa = PBXGroup;
			children = (
				7A41D0B3279C94980038D9BF /* Packages */,
				7A41D09F279C93740038D9BF /* NavPlayground */,
				7A1459B0279EF48E00A53E7E /* CoordinatorFeaturePreview */,
				7A41D09E279C93740038D9BF /* Products */,
				7A691DE3279C9DDD00A1674B /* Frameworks */,
			);
			sourceTree = "<group>";
		};
		7A41D09E279C93740038D9BF /* Products */ = {
			isa = PBXGroup;
			children = (
				7A41D09D279C93740038D9BF /* NavPlayground.app */,
				7A1459AF279EF48E00A53E7E /* CoordinatorFeaturePreview.app */,
			);
			name = Products;
			sourceTree = "<group>";
		};
		7A41D09F279C93740038D9BF /* NavPlayground */ = {
			isa = PBXGroup;
			children = (
				7A41D0A0279C93740038D9BF /* NavPlaygroundApp.swift */,
				7A41D0A2279C93740038D9BF /* ContentView.swift */,
				7A41D0A4279C93750038D9BF /* Assets.xcassets */,
				7A41D0A6279C93750038D9BF /* Preview Content */,
			);
			path = NavPlayground;
			sourceTree = "<group>";
		};
		7A41D0A6279C93750038D9BF /* Preview Content */ = {
			isa = PBXGroup;
			children = (
				7A41D0A7279C93750038D9BF /* Preview Assets.xcassets */,
			);
			path = "Preview Content";
			sourceTree = "<group>";
		};
		7A41D0B3279C94980038D9BF /* Packages */ = {
			isa = PBXGroup;
			children = (
				7A41D0B4279C94980038D9BF /* Packages */,
			);
			name = Packages;
			sourceTree = "<group>";
		};
		7A691DE3279C9DDD00A1674B /* Frameworks */ = {
			isa = PBXGroup;
			children = (
			);
			name = Frameworks;
			sourceTree = "<group>";
		};
/* End PBXGroup section */

/* Begin PBXNativeTarget section */
		7A1459AE279EF48E00A53E7E /* CoordinatorFeaturePreview */ = {
			isa = PBXNativeTarget;
			buildConfigurationList = 7A1459BA279EF48F00A53E7E /* Build configuration list for PBXNativeTarget "CoordinatorFeaturePreview" */;
			buildPhases = (
				7A1459AB279EF48E00A53E7E /* Sources */,
				7A1459AC279EF48E00A53E7E /* Frameworks */,
				7A1459AD279EF48E00A53E7E /* Resources */,
			);
			buildRules = (
			);
			dependencies = (
			);
			name = CoordinatorFeaturePreview;
			packageProductDependencies = (
				7A1459BD279EF4B500A53E7E /* CoordinatorFeature */,
			);
			productName = CoordinatorFeaturePreview;
			productReference = 7A1459AF279EF48E00A53E7E /* CoordinatorFeaturePreview.app */;
			productType = "com.apple.product-type.application";
		};
		7A41D09C279C93740038D9BF /* NavPlayground */ = {
			isa = PBXNativeTarget;
			buildConfigurationList = 7A41D0AB279C93750038D9BF /* Build configuration list for PBXNativeTarget "NavPlayground" */;
			buildPhases = (
				7A41D099279C93740038D9BF /* Sources */,
				7A41D09A279C93740038D9BF /* Frameworks */,
				7A41D09B279C93740038D9BF /* Resources */,
			);
			buildRules = (
			);
			dependencies = (
			);
			name = NavPlayground;
			packageProductDependencies = (
				7A1459A9279DFB2200A53E7E /* RootFeature */,
			);
			productName = NavPlayground;
			productReference = 7A41D09D279C93740038D9BF /* NavPlayground.app */;
			productType = "com.apple.product-type.application";
		};
/* End PBXNativeTarget section */

/* Begin PBXProject section */
		7A41D095279C93740038D9BF /* Project object */ = {
			isa = PBXProject;
			attributes = {
				BuildIndependentTargetsInParallel = 1;
				LastSwiftUpdateCheck = 1320;
				LastUpgradeCheck = 1320;
				TargetAttributes = {
					7A1459AE279EF48E00A53E7E = {
						CreatedOnToolsVersion = 13.2.1;
					};
					7A41D09C279C93740038D9BF = {
						CreatedOnToolsVersion = 13.2.1;
					};
				};
			};
			buildConfigurationList = 7A41D098279C93740038D9BF /* Build configuration list for PBXProject "NavPlayground" */;
			compatibilityVersion = "Xcode 13.0";
			developmentRegion = en;
			hasScannedForEncodings = 0;
			knownRegions = (
				en,
				Base,
			);
			mainGroup = 7A41D094279C93740038D9BF;
			productRefGroup = 7A41D09E279C93740038D9BF /* Products */;
			projectDirPath = "";
			projectRoot = "";
			targets = (
				7A41D09C279C93740038D9BF /* NavPlayground */,
				7A1459AE279EF48E00A53E7E /* CoordinatorFeaturePreview */,
			);
		};
/* End PBXProject section */

/* Begin PBXResourcesBuildPhase section */
		7A1459AD279EF48E00A53E7E /* Resources */ = {
			isa = PBXResourcesBuildPhase;
			buildActionMask = 2147483647;
			files = (
				7A1459B9279EF48F00A53E7E /* Preview Assets.xcassets in Resources */,
				7A1459B6279EF48F00A53E7E /* Assets.xcassets in Resources */,
			);
			runOnlyForDeploymentPostprocessing = 0;
		};
		7A41D09B279C93740038D9BF /* Resources */ = {
			isa = PBXResourcesBuildPhase;
			buildActionMask = 2147483647;
			files = (
				7A41D0A8279C93750038D9BF /* Preview Assets.xcassets in Resources */,
				7A41D0A5279C93750038D9BF /* Assets.xcassets in Resources */,
			);
			runOnlyForDeploymentPostprocessing = 0;
		};
/* End PBXResourcesBuildPhase section */

/* Begin PBXSourcesBuildPhase section */
		7A1459AB279EF48E00A53E7E /* Sources */ = {
			isa = PBXSourcesBuildPhase;
			buildActionMask = 2147483647;
			files = (
				7A1459B2279EF48E00A53E7E /* CoordinatorFeaturePreviewApp.swift in Sources */,
			);
			runOnlyForDeploymentPostprocessing = 0;
		};
		7A41D099279C93740038D9BF /* Sources */ = {
			isa = PBXSourcesBuildPhase;
			buildActionMask = 2147483647;
			files = (
				7A41D0A3279C93740038D9BF /* ContentView.swift in Sources */,
				7A41D0A1279C93740038D9BF /* NavPlaygroundApp.swift in Sources */,
			);
			runOnlyForDeploymentPostprocessing = 0;
		};
/* End PBXSourcesBuildPhase section */

/* Begin XCBuildConfiguration section */
		7A1459BB279EF48F00A53E7E /* Debug */ = {
			isa = XCBuildConfiguration;
			buildSettings = {
				ASSETCATALOG_COMPILER_APPICON_NAME = AppIcon;
				ASSETCATALOG_COMPILER_GLOBAL_ACCENT_COLOR_NAME = AccentColor;
				CODE_SIGN_STYLE = Automatic;
				CURRENT_PROJECT_VERSION = 1;
				DEVELOPMENT_ASSET_PATHS = "\"CoordinatorFeaturePreview/Preview Content\"";
				DEVELOPMENT_TEAM = 2KJHM26Y46;
				ENABLE_PREVIEWS = YES;
				GENERATE_INFOPLIST_FILE = YES;
				INFOPLIST_KEY_UIApplicationSceneManifest_Generation = YES;
				INFOPLIST_KEY_UIApplicationSupportsIndirectInputEvents = YES;
				INFOPLIST_KEY_UILaunchScreen_Generation = YES;
				INFOPLIST_KEY_UISupportedInterfaceOrientations_iPad = "UIInterfaceOrientationPortrait UIInterfaceOrientationPortraitUpsideDown UIInterfaceOrientationLandscapeLeft UIInterfaceOrientationLandscapeRight";
				INFOPLIST_KEY_UISupportedInterfaceOrientations_iPhone = "UIInterfaceOrientationPortrait UIInterfaceOrientationLandscapeLeft UIInterfaceOrientationLandscapeRight";
				LD_RUNPATH_SEARCH_PATHS = (
					"$(inherited)",
					"@executable_path/Frameworks",
				);
				MARKETING_VERSION = 1.0;
				PRODUCT_BUNDLE_IDENTIFIER = com.zeveisenberg.CoordinatorFeaturePreview;
				PRODUCT_NAME = "$(TARGET_NAME)";
				SWIFT_EMIT_LOC_STRINGS = YES;
				SWIFT_VERSION = 5.0;
				TARGETED_DEVICE_FAMILY = "1,2";
			};
			name = Debug;
		};
		7A1459BC279EF48F00A53E7E /* Release */ = {
			isa = XCBuildConfiguration;
			buildSettings = {
				ASSETCATALOG_COMPILER_APPICON_NAME = AppIcon;
				ASSETCATALOG_COMPILER_GLOBAL_ACCENT_COLOR_NAME = AccentColor;
				CODE_SIGN_STYLE = Automatic;
				CURRENT_PROJECT_VERSION = 1;
				DEVELOPMENT_ASSET_PATHS = "\"CoordinatorFeaturePreview/Preview Content\"";
				DEVELOPMENT_TEAM = 2KJHM26Y46;
				ENABLE_PREVIEWS = YES;
				GENERATE_INFOPLIST_FILE = YES;
				INFOPLIST_KEY_UIApplicationSceneManifest_Generation = YES;
				INFOPLIST_KEY_UIApplicationSupportsIndirectInputEvents = YES;
				INFOPLIST_KEY_UILaunchScreen_Generation = YES;
				INFOPLIST_KEY_UISupportedInterfaceOrientations_iPad = "UIInterfaceOrientationPortrait UIInterfaceOrientationPortraitUpsideDown UIInterfaceOrientationLandscapeLeft UIInterfaceOrientationLandscapeRight";
				INFOPLIST_KEY_UISupportedInterfaceOrientations_iPhone = "UIInterfaceOrientationPortrait UIInterfaceOrientationLandscapeLeft UIInterfaceOrientationLandscapeRight";
				LD_RUNPATH_SEARCH_PATHS = (
					"$(inherited)",
					"@executable_path/Frameworks",
				);
				MARKETING_VERSION = 1.0;
				PRODUCT_BUNDLE_IDENTIFIER = com.zeveisenberg.CoordinatorFeaturePreview;
				PRODUCT_NAME = "$(TARGET_NAME)";
				SWIFT_EMIT_LOC_STRINGS = YES;
				SWIFT_VERSION = 5.0;
				TARGETED_DEVICE_FAMILY = "1,2";
			};
			name = Release;
		};
		7A41D0A9279C93750038D9BF /* Debug */ = {
			isa = XCBuildConfiguration;
			buildSettings = {
				ALWAYS_SEARCH_USER_PATHS = NO;
				CLANG_ANALYZER_NONNULL = YES;
				CLANG_ANALYZER_NUMBER_OBJECT_CONVERSION = YES_AGGRESSIVE;
				CLANG_CXX_LANGUAGE_STANDARD = "gnu++17";
				CLANG_CXX_LIBRARY = "libc++";
				CLANG_ENABLE_MODULES = YES;
				CLANG_ENABLE_OBJC_ARC = YES;
				CLANG_ENABLE_OBJC_WEAK = YES;
				CLANG_WARN_BLOCK_CAPTURE_AUTORELEASING = YES;
				CLANG_WARN_BOOL_CONVERSION = YES;
				CLANG_WARN_COMMA = YES;
				CLANG_WARN_CONSTANT_CONVERSION = YES;
				CLANG_WARN_DEPRECATED_OBJC_IMPLEMENTATIONS = YES;
				CLANG_WARN_DIRECT_OBJC_ISA_USAGE = YES_ERROR;
				CLANG_WARN_DOCUMENTATION_COMMENTS = YES;
				CLANG_WARN_EMPTY_BODY = YES;
				CLANG_WARN_ENUM_CONVERSION = YES;
				CLANG_WARN_INFINITE_RECURSION = YES;
				CLANG_WARN_INT_CONVERSION = YES;
				CLANG_WARN_NON_LITERAL_NULL_CONVERSION = YES;
				CLANG_WARN_OBJC_IMPLICIT_RETAIN_SELF = YES;
				CLANG_WARN_OBJC_LITERAL_CONVERSION = YES;
				CLANG_WARN_OBJC_ROOT_CLASS = YES_ERROR;
				CLANG_WARN_QUOTED_INCLUDE_IN_FRAMEWORK_HEADER = YES;
				CLANG_WARN_RANGE_LOOP_ANALYSIS = YES;
				CLANG_WARN_STRICT_PROTOTYPES = YES;
				CLANG_WARN_SUSPICIOUS_MOVE = YES;
				CLANG_WARN_UNGUARDED_AVAILABILITY = YES_AGGRESSIVE;
				CLANG_WARN_UNREACHABLE_CODE = YES;
				CLANG_WARN__DUPLICATE_METHOD_MATCH = YES;
				COPY_PHASE_STRIP = NO;
				DEBUG_INFORMATION_FORMAT = dwarf;
				ENABLE_STRICT_OBJC_MSGSEND = YES;
				ENABLE_TESTABILITY = YES;
				GCC_C_LANGUAGE_STANDARD = gnu11;
				GCC_DYNAMIC_NO_PIC = NO;
				GCC_NO_COMMON_BLOCKS = YES;
				GCC_OPTIMIZATION_LEVEL = 0;
				GCC_PREPROCESSOR_DEFINITIONS = (
					"DEBUG=1",
					"$(inherited)",
				);
				GCC_WARN_64_TO_32_BIT_CONVERSION = YES;
				GCC_WARN_ABOUT_RETURN_TYPE = YES_ERROR;
				GCC_WARN_UNDECLARED_SELECTOR = YES;
				GCC_WARN_UNINITIALIZED_AUTOS = YES_AGGRESSIVE;
				GCC_WARN_UNUSED_FUNCTION = YES;
				GCC_WARN_UNUSED_VARIABLE = YES;
				IPHONEOS_DEPLOYMENT_TARGET = 15.2;
				MTL_ENABLE_DEBUG_INFO = INCLUDE_SOURCE;
				MTL_FAST_MATH = YES;
				ONLY_ACTIVE_ARCH = YES;
				SDKROOT = iphoneos;
				SWIFT_ACTIVE_COMPILATION_CONDITIONS = DEBUG;
				SWIFT_OPTIMIZATION_LEVEL = "-Onone";
			};
			name = Debug;
		};
		7A41D0AA279C93750038D9BF /* Release */ = {
			isa = XCBuildConfiguration;
			buildSettings = {
				ALWAYS_SEARCH_USER_PATHS = NO;
				CLANG_ANALYZER_NONNULL = YES;
				CLANG_ANALYZER_NUMBER_OBJECT_CONVERSION = YES_AGGRESSIVE;
				CLANG_CXX_LANGUAGE_STANDARD = "gnu++17";
				CLANG_CXX_LIBRARY = "libc++";
				CLANG_ENABLE_MODULES = YES;
				CLANG_ENABLE_OBJC_ARC = YES;
				CLANG_ENABLE_OBJC_WEAK = YES;
				CLANG_WARN_BLOCK_CAPTURE_AUTORELEASING = YES;
				CLANG_WARN_BOOL_CONVERSION = YES;
				CLANG_WARN_COMMA = YES;
				CLANG_WARN_CONSTANT_CONVERSION = YES;
				CLANG_WARN_DEPRECATED_OBJC_IMPLEMENTATIONS = YES;
				CLANG_WARN_DIRECT_OBJC_ISA_USAGE = YES_ERROR;
				CLANG_WARN_DOCUMENTATION_COMMENTS = YES;
				CLANG_WARN_EMPTY_BODY = YES;
				CLANG_WARN_ENUM_CONVERSION = YES;
				CLANG_WARN_INFINITE_RECURSION = YES;
				CLANG_WARN_INT_CONVERSION = YES;
				CLANG_WARN_NON_LITERAL_NULL_CONVERSION = YES;
				CLANG_WARN_OBJC_IMPLICIT_RETAIN_SELF = YES;
				CLANG_WARN_OBJC_LITERAL_CONVERSION = YES;
				CLANG_WARN_OBJC_ROOT_CLASS = YES_ERROR;
				CLANG_WARN_QUOTED_INCLUDE_IN_FRAMEWORK_HEADER = YES;
				CLANG_WARN_RANGE_LOOP_ANALYSIS = YES;
				CLANG_WARN_STRICT_PROTOTYPES = YES;
				CLANG_WARN_SUSPICIOUS_MOVE = YES;
				CLANG_WARN_UNGUARDED_AVAILABILITY = YES_AGGRESSIVE;
				CLANG_WARN_UNREACHABLE_CODE = YES;
				CLANG_WARN__DUPLICATE_METHOD_MATCH = YES;
				COPY_PHASE_STRIP = NO;
				DEBUG_INFORMATION_FORMAT = "dwarf-with-dsym";
				ENABLE_NS_ASSERTIONS = NO;
				ENABLE_STRICT_OBJC_MSGSEND = YES;
				GCC_C_LANGUAGE_STANDARD = gnu11;
				GCC_NO_COMMON_BLOCKS = YES;
				GCC_WARN_64_TO_32_BIT_CONVERSION = YES;
				GCC_WARN_ABOUT_RETURN_TYPE = YES_ERROR;
				GCC_WARN_UNDECLARED_SELECTOR = YES;
				GCC_WARN_UNINITIALIZED_AUTOS = YES_AGGRESSIVE;
				GCC_WARN_UNUSED_FUNCTION = YES;
				GCC_WARN_UNUSED_VARIABLE = YES;
				IPHONEOS_DEPLOYMENT_TARGET = 15.2;
				MTL_ENABLE_DEBUG_INFO = NO;
				MTL_FAST_MATH = YES;
				SDKROOT = iphoneos;
				SWIFT_COMPILATION_MODE = wholemodule;
				SWIFT_OPTIMIZATION_LEVEL = "-O";
				VALIDATE_PRODUCT = YES;
			};
			name = Release;
		};
		7A41D0AC279C93750038D9BF /* Debug */ = {
			isa = XCBuildConfiguration;
			buildSettings = {
				ASSETCATALOG_COMPILER_APPICON_NAME = AppIcon;
				ASSETCATALOG_COMPILER_GLOBAL_ACCENT_COLOR_NAME = AccentColor;
				CODE_SIGN_STYLE = Automatic;
				CURRENT_PROJECT_VERSION = 1;
				DEVELOPMENT_ASSET_PATHS = "\"NavPlayground/Preview Content\"";
				DEVELOPMENT_TEAM = 2KJHM26Y46;
				ENABLE_PREVIEWS = YES;
				GENERATE_INFOPLIST_FILE = YES;
				INFOPLIST_KEY_UIApplicationSceneManifest_Generation = YES;
				INFOPLIST_KEY_UIApplicationSupportsIndirectInputEvents = YES;
				INFOPLIST_KEY_UILaunchScreen_Generation = YES;
				INFOPLIST_KEY_UISupportedInterfaceOrientations_iPad = "UIInterfaceOrientationPortrait UIInterfaceOrientationPortraitUpsideDown UIInterfaceOrientationLandscapeLeft UIInterfaceOrientationLandscapeRight";
				INFOPLIST_KEY_UISupportedInterfaceOrientations_iPhone = "UIInterfaceOrientationPortrait UIInterfaceOrientationLandscapeLeft UIInterfaceOrientationLandscapeRight";
				LD_RUNPATH_SEARCH_PATHS = (
					"$(inherited)",
					"@executable_path/Frameworks",
				);
				MARKETING_VERSION = 1.0;
				PRODUCT_BUNDLE_IDENTIFIER = com.zeveisenberg.NavPlayground;
				PRODUCT_NAME = "$(TARGET_NAME)";
				SWIFT_EMIT_LOC_STRINGS = YES;
				SWIFT_VERSION = 5.0;
				TARGETED_DEVICE_FAMILY = "1,2";
			};
			name = Debug;
		};
		7A41D0AD279C93750038D9BF /* Release */ = {
			isa = XCBuildConfiguration;
			buildSettings = {
				ASSETCATALOG_COMPILER_APPICON_NAME = AppIcon;
				ASSETCATALOG_COMPILER_GLOBAL_ACCENT_COLOR_NAME = AccentColor;
				CODE_SIGN_STYLE = Automatic;
				CURRENT_PROJECT_VERSION = 1;
				DEVELOPMENT_ASSET_PATHS = "\"NavPlayground/Preview Content\"";
				DEVELOPMENT_TEAM = 2KJHM26Y46;
				ENABLE_PREVIEWS = YES;
				GENERATE_INFOPLIST_FILE = YES;
				INFOPLIST_KEY_UIApplicationSceneManifest_Generation = YES;
				INFOPLIST_KEY_UIApplicationSupportsIndirectInputEvents = YES;
				INFOPLIST_KEY_UILaunchScreen_Generation = YES;
				INFOPLIST_KEY_UISupportedInterfaceOrientations_iPad = "UIInterfaceOrientationPortrait UIInterfaceOrientationPortraitUpsideDown UIInterfaceOrientationLandscapeLeft UIInterfaceOrientationLandscapeRight";
				INFOPLIST_KEY_UISupportedInterfaceOrientations_iPhone = "UIInterfaceOrientationPortrait UIInterfaceOrientationLandscapeLeft UIInterfaceOrientationLandscapeRight";
				LD_RUNPATH_SEARCH_PATHS = (
					"$(inherited)",
					"@executable_path/Frameworks",
				);
				MARKETING_VERSION = 1.0;
				PRODUCT_BUNDLE_IDENTIFIER = com.zeveisenberg.NavPlayground;
				PRODUCT_NAME = "$(TARGET_NAME)";
				SWIFT_EMIT_LOC_STRINGS = YES;
				SWIFT_VERSION = 5.0;
				TARGETED_DEVICE_FAMILY = "1,2";
			};
			name = Release;
		};
/* End XCBuildConfiguration section */

/* Begin XCConfigurationList section */
		7A1459BA279EF48F00A53E7E /* Build configuration list for PBXNativeTarget "CoordinatorFeaturePreview" */ = {
			isa = XCConfigurationList;
			buildConfigurations = (
				7A1459BB279EF48F00A53E7E /* Debug */,
				7A1459BC279EF48F00A53E7E /* Release */,
			);
			defaultConfigurationIsVisible = 0;
			defaultConfigurationName = Release;
		};
		7A41D098279C93740038D9BF /* Build configuration list for PBXProject "NavPlayground" */ = {
			isa = XCConfigurationList;
			buildConfigurations = (
				7A41D0A9279C93750038D9BF /* Debug */,
				7A41D0AA279C93750038D9BF /* Release */,
			);
			defaultConfigurationIsVisible = 0;
			defaultConfigurationName = Release;
		};
		7A41D0AB279C93750038D9BF /* Build configuration list for PBXNativeTarget "NavPlayground" */ = {
			isa = XCConfigurationList;
			buildConfigurations = (
				7A41D0AC279C93750038D9BF /* Debug */,
				7A41D0AD279C93750038D9BF /* Release */,
			);
			defaultConfigurationIsVisible = 0;
			defaultConfigurationName = Release;
		};
/* End XCConfigurationList section */

/* Begin XCSwiftPackageProductDependency section */
		7A1459A9279DFB2200A53E7E /* RootFeature */ = {
			isa = XCSwiftPackageProductDependency;
			productName = RootFeature;
		};
		7A1459BD279EF4B500A53E7E /* CoordinatorFeature */ = {
			isa = XCSwiftPackageProductDependency;
			productName = CoordinatorFeature;
		};
/* End XCSwiftPackageProductDependency section */
	};
	rootObject = 7A41D095279C93740038D9BF /* Project object */;
}
